
Microsoft Visual Studio Solution File, Format Version 12.00
# Visual Studio 15
VisualStudioVersion = 15.0.28010.2026
MinimumVisualStudioVersion = 10.0.40219.1
Project("{FAE04EC0-301F-11D3-BF4B-00C04F79EFBC}") = "movietips", "movietips\movietips.csproj", "{536D191B-3E4B-4057-A74F-C5A926ADFA3C}"
EndProject
Project("{FAE04EC0-301F-11D3-BF4B-00C04F79EFBC}") = "StringLibraryTest", "StringLibraryTest\StringLibraryTest.csproj", "{FDBA45C7-8852-4471-9B59-C05DD8CA2C6E}"
EndProject
Global
	GlobalSection(SolutionConfigurationPlatforms) = preSolution
		Debug|Any CPU = Debug|Any CPU
		Release|Any CPU = Release|Any CPU
	EndGlobalSection
	GlobalSection(ProjectConfigurationPlatforms) = postSolution
		{536D191B-3E4B-4057-A74F-C5A926ADFA3C}.Debug|Any CPU.ActiveCfg = Debug|Any CPU
		{536D191B-3E4B-4057-A74F-C5A926ADFA3C}.Debug|Any CPU.Build.0 = Debug|Any CPU
		{536D191B-3E4B-4057-A74F-C5A926ADFA3C}.Release|Any CPU.ActiveCfg = Release|Any CPU
		{536D191B-3E4B-4057-A74F-C5A926ADFA3C}.Release|Any CPU.Build.0 = Release|Any CPU
		{FDBA45C7-8852-4471-9B59-C05DD8CA2C6E}.Debug|Any CPU.ActiveCfg = Debug|Any CPU
		{FDBA45C7-8852-4471-9B59-C05DD8CA2C6E}.Debug|Any CPU.Build.0 = Debug|Any CPU
		{FDBA45C7-8852-4471-9B59-C05DD8CA2C6E}.Release|Any CPU.ActiveCfg = Release|Any CPU
		{FDBA45C7-8852-4471-9B59-C05DD8CA2C6E}.Release|Any CPU.Build.0 = Release|Any CPU
	EndGlobalSection
	GlobalSection(SolutionProperties) = preSolution
		HideSolutionNode = FALSE
	EndGlobalSection
	GlobalSection(ExtensibilityGlobals) = postSolution
		SolutionGuid = {0088DE02-5CF3-43E0-A698-48BAD225A0D4}
	EndGlobalSection
EndGlobal
